
Microsoft Visual Studio Solution File, Format Version 12.00
# Visual Studio Version 17
VisualStudioVersion = 17.10.35122.118
MinimumVisualStudioVersion = 10.0.40219.1
Project("{2150E333-8FDC-42A3-9474-1A3956D46DE8}") = "Source", "Source", "{2C21DB5E-C72E-45D2-8E45-53357394A94C}"
EndProject
Project("{2150E333-8FDC-42A3-9474-1A3956D46DE8}") = "Test", "Test", "{251CA96F-E5D5-4655-9876-068CE61F36EF}"
EndProject
Project("{9A19103F-16F7-4668-BE54-9A1E7A4F7556}") = "PayMart.API.Core", "Source\PayMart.API.Core\PayMart.API.Core.csproj", "{BC107C17-7C0B-497F-B748-E5E03E2D38B0}"
EndProject
Project("{9A19103F-16F7-4668-BE54-9A1E7A4F7556}") = "PayMart.Infrastructure.Core", "Source\PayMart.Infrastructure.Core\PayMart.Infrastructure.Core.csproj", "{36C536C6-B192-485D-AD15-5DBDEC65F32F}"
EndProject
Project("{9A19103F-16F7-4668-BE54-9A1E7A4F7556}") = "PayMart.Domain.Core", "Source\PayMart.Domain.Core\PayMart.Domain.Core.csproj", "{438A4EF5-9E79-4D04-B0BB-9999D0E55A1C}"
EndProject
Project("{9A19103F-16F7-4668-BE54-9A1E7A4F7556}") = "PaymentValidator.Tests", "Test\PaymentValidator.Tests\PaymentValidator.Tests.csproj", "{22403234-D00F-466D-82C7-31CF5441A7C9}"
EndProject
Project("{9A19103F-16F7-4668-BE54-9A1E7A4F7556}") = "ClientValidator.Tests", "Test\ClientValidator.Tests\ClientValidator.Tests.csproj", "{B860B760-00F5-45C5-AC95-A819C48106CE}"
EndProject
Project("{9A19103F-16F7-4668-BE54-9A1E7A4F7556}") = "LoginValidator.Tests", "Test\LoginValidator.Tests\LoginValidator.Tests.csproj", "{BEACD33B-AE35-45EA-9D27-5BD3409A8F18}"
EndProject
Project("{9A19103F-16F7-4668-BE54-9A1E7A4F7556}") = "OrderValidator.Tests", "Test\OrderValidator.Tests\OrderValidator.Tests.csproj", "{D8966BAE-6540-40DF-9EAE-4916B475F9EF}"
EndProject
Project("{9A19103F-16F7-4668-BE54-9A1E7A4F7556}") = "ProductValidator.Tests", "Test\ProductValidator.Tests\ProductValidator.Tests.csproj", "{5B757FE9-1CBD-437F-A094-62BDA05532F0}"
EndProject
Global
	GlobalSection(SolutionConfigurationPlatforms) = preSolution
		Debug|Any CPU = Debug|Any CPU
		Release|Any CPU = Release|Any CPU
	EndGlobalSection
	GlobalSection(ProjectConfigurationPlatforms) = postSolution
		{BC107C17-7C0B-497F-B748-E5E03E2D38B0}.Debug|Any CPU.ActiveCfg = Debug|Any CPU
		{BC107C17-7C0B-497F-B748-E5E03E2D38B0}.Debug|Any CPU.Build.0 = Debug|Any CPU
		{BC107C17-7C0B-497F-B748-E5E03E2D38B0}.Release|Any CPU.ActiveCfg = Release|Any CPU
		{BC107C17-7C0B-497F-B748-E5E03E2D38B0}.Release|Any CPU.Build.0 = Release|Any CPU
		{36C536C6-B192-485D-AD15-5DBDEC65F32F}.Debug|Any CPU.ActiveCfg = Debug|Any CPU
		{36C536C6-B192-485D-AD15-5DBDEC65F32F}.Debug|Any CPU.Build.0 = Debug|Any CPU
		{36C536C6-B192-485D-AD15-5DBDEC65F32F}.Release|Any CPU.ActiveCfg = Release|Any CPU
		{36C536C6-B192-485D-AD15-5DBDEC65F32F}.Release|Any CPU.Build.0 = Release|Any CPU
		{438A4EF5-9E79-4D04-B0BB-9999D0E55A1C}.Debug|Any CPU.ActiveCfg = Debug|Any CPU
		{438A4EF5-9E79-4D04-B0BB-9999D0E55A1C}.Debug|Any CPU.Build.0 = Debug|Any CPU
		{438A4EF5-9E79-4D04-B0BB-9999D0E55A1C}.Release|Any CPU.ActiveCfg = Release|Any CPU
		{438A4EF5-9E79-4D04-B0BB-9999D0E55A1C}.Release|Any CPU.Build.0 = Release|Any CPU
		{22403234-D00F-466D-82C7-31CF5441A7C9}.Debug|Any CPU.ActiveCfg = Debug|Any CPU
		{22403234-D00F-466D-82C7-31CF5441A7C9}.Debug|Any CPU.Build.0 = Debug|Any CPU
		{22403234-D00F-466D-82C7-31CF5441A7C9}.Release|Any CPU.ActiveCfg = Release|Any CPU
		{22403234-D00F-466D-82C7-31CF5441A7C9}.Release|Any CPU.Build.0 = Release|Any CPU
		{B860B760-00F5-45C5-AC95-A819C48106CE}.Debug|Any CPU.ActiveCfg = Debug|Any CPU
		{B860B760-00F5-45C5-AC95-A819C48106CE}.Debug|Any CPU.Build.0 = Debug|Any CPU
		{B860B760-00F5-45C5-AC95-A819C48106CE}.Release|Any CPU.ActiveCfg = Release|Any CPU
		{B860B760-00F5-45C5-AC95-A819C48106CE}.Release|Any CPU.Build.0 = Release|Any CPU
		{BEACD33B-AE35-45EA-9D27-5BD3409A8F18}.Debug|Any CPU.ActiveCfg = Debug|Any CPU
		{BEACD33B-AE35-45EA-9D27-5BD3409A8F18}.Debug|Any CPU.Build.0 = Debug|Any CPU
		{BEACD33B-AE35-45EA-9D27-5BD3409A8F18}.Release|Any CPU.ActiveCfg = Release|Any CPU
		{BEACD33B-AE35-45EA-9D27-5BD3409A8F18}.Release|Any CPU.Build.0 = Release|Any CPU
		{D8966BAE-6540-40DF-9EAE-4916B475F9EF}.Debug|Any CPU.ActiveCfg = Debug|Any CPU
		{D8966BAE-6540-40DF-9EAE-4916B475F9EF}.Debug|Any CPU.Build.0 = Debug|Any CPU
		{D8966BAE-6540-40DF-9EAE-4916B475F9EF}.Release|Any CPU.ActiveCfg = Release|Any CPU
		{D8966BAE-6540-40DF-9EAE-4916B475F9EF}.Release|Any CPU.Build.0 = Release|Any CPU
		{5B757FE9-1CBD-437F-A094-62BDA05532F0}.Debug|Any CPU.ActiveCfg = Debug|Any CPU
		{5B757FE9-1CBD-437F-A094-62BDA05532F0}.Debug|Any CPU.Build.0 = Debug|Any CPU
		{5B757FE9-1CBD-437F-A094-62BDA05532F0}.Release|Any CPU.ActiveCfg = Release|Any CPU
		{5B757FE9-1CBD-437F-A094-62BDA05532F0}.Release|Any CPU.Build.0 = Release|Any CPU
	EndGlobalSection
	GlobalSection(SolutionProperties) = preSolution
		HideSolutionNode = FALSE
	EndGlobalSection
	GlobalSection(NestedProjects) = preSolution
		{BC107C17-7C0B-497F-B748-E5E03E2D38B0} = {2C21DB5E-C72E-45D2-8E45-53357394A94C}
		{36C536C6-B192-485D-AD15-5DBDEC65F32F} = {2C21DB5E-C72E-45D2-8E45-53357394A94C}
		{438A4EF5-9E79-4D04-B0BB-9999D0E55A1C} = {2C21DB5E-C72E-45D2-8E45-53357394A94C}
		{22403234-D00F-466D-82C7-31CF5441A7C9} = {251CA96F-E5D5-4655-9876-068CE61F36EF}
		{B860B760-00F5-45C5-AC95-A819C48106CE} = {251CA96F-E5D5-4655-9876-068CE61F36EF}
		{BEACD33B-AE35-45EA-9D27-5BD3409A8F18} = {251CA96F-E5D5-4655-9876-068CE61F36EF}
		{D8966BAE-6540-40DF-9EAE-4916B475F9EF} = {251CA96F-E5D5-4655-9876-068CE61F36EF}
		{5B757FE9-1CBD-437F-A094-62BDA05532F0} = {251CA96F-E5D5-4655-9876-068CE61F36EF}
	EndGlobalSection
	GlobalSection(ExtensibilityGlobals) = postSolution
		SolutionGuid = {C3F81DC3-C2A3-4A06-A3F4-A63633F24A2A}
	EndGlobalSection
EndGlobal
